
Microsoft Visual Studio Solution File, Format Version 12.00
# Visual Studio 15
VisualStudioVersion = 15.0.28307.168
MinimumVisualStudioVersion = 10.0.40219.1
Project("{FAE04EC0-301F-11D3-BF4B-00C04F79EFBC}") = "PASPAS", "PASPAS.csproj", "{D873948D-684C-4DC2-9FBA-B9672A4FB407}"
EndProject
Global
	GlobalSection(SolutionConfigurationPlatforms) = preSolution
		Debug|Any CPU = Debug|Any CPU
		Release|Any CPU = Release|Any CPU
	EndGlobalSection
	GlobalSection(ProjectConfigurationPlatforms) = postSolution
		{D873948D-684C-4DC2-9FBA-B9672A4FB407}.Debug|Any CPU.ActiveCfg = Debug|Any CPU
		{D873948D-684C-4DC2-9FBA-B9672A4FB407}.Debug|Any CPU.Build.0 = Debug|Any CPU
		{D873948D-684C-4DC2-9FBA-B9672A4FB407}.Release|Any CPU.ActiveCfg = Release|Any CPU
		{D873948D-684C-4DC2-9FBA-B9672A4FB407}.Release|Any CPU.Build.0 = Release|Any CPU
	EndGlobalSection
	GlobalSection(SolutionProperties) = preSolution
		HideSolutionNode = FALSE
	EndGlobalSection
	GlobalSection(ExtensibilityGlobals) = postSolution
		SolutionGuid = {4E704D46-6BE1-4188-BC5D-D60B76F0E51F}
	EndGlobalSection
EndGlobal
